// !$*UTF8*$!
{
	archiveVersion = 1;
	classes = {
	};
	objectVersion = 55;
	objects = {

/* Begin PBXBuildFile section */
		E98B8114275FFC1F0053A629 /* InstagramSwiftUIApp.swift in Sources */ = {isa = PBXBuildFile; fileRef = E98B8113275FFC1F0053A629 /* InstagramSwiftUIApp.swift */; };
		E98B8118275FFC210053A629 /* Assets.xcassets in Resources */ = {isa = PBXBuildFile; fileRef = E98B8117275FFC210053A629 /* Assets.xcassets */; };
		E98B811B275FFC210053A629 /* Preview Assets.xcassets in Resources */ = {isa = PBXBuildFile; fileRef = E98B811A275FFC210053A629 /* Preview Assets.xcassets */; };
		E98B8128276000290053A629 /* ContentView.swift in Sources */ = {isa = PBXBuildFile; fileRef = E98B8127276000290053A629 /* ContentView.swift */; };
		E98B8136276003AF0053A629 /* MainTabView.swift in Sources */ = {isa = PBXBuildFile; fileRef = E98B8135276003AF0053A629 /* MainTabView.swift */; };
		E98B81382760040B0053A629 /* FeedView.swift in Sources */ = {isa = PBXBuildFile; fileRef = E98B81372760040B0053A629 /* FeedView.swift */; };
		E98B813A276004430053A629 /* SearchView.swift in Sources */ = {isa = PBXBuildFile; fileRef = E98B8139276004430053A629 /* SearchView.swift */; };
		E98B813C276004540053A629 /* NotificationsView.swift in Sources */ = {isa = PBXBuildFile; fileRef = E98B813B276004540053A629 /* NotificationsView.swift */; };
		E98B813E276004630053A629 /* ProfileView.swift in Sources */ = {isa = PBXBuildFile; fileRef = E98B813D276004630053A629 /* ProfileView.swift */; };
		E98B81402760047E0053A629 /* UploadPostView.swift in Sources */ = {isa = PBXBuildFile; fileRef = E98B813F2760047E0053A629 /* UploadPostView.swift */; };
		E98B8142276008860053A629 /* FeedCell.swift in Sources */ = {isa = PBXBuildFile; fileRef = E98B8141276008860053A629 /* FeedCell.swift */; };
		E98B81442761340D0053A629 /* SearchBar.swift in Sources */ = {isa = PBXBuildFile; fileRef = E98B81432761340D0053A629 /* SearchBar.swift */; };
		E98B81462761396A0053A629 /* PostGridView.swift in Sources */ = {isa = PBXBuildFile; fileRef = E98B81452761396A0053A629 /* PostGridView.swift */; };
		E98B814827613ED20053A629 /* UserCell.swift in Sources */ = {isa = PBXBuildFile; fileRef = E98B814727613ED20053A629 /* UserCell.swift */; };
		E98B814A27613EE30053A629 /* UserListView.swift in Sources */ = {isa = PBXBuildFile; fileRef = E98B814927613EE30053A629 /* UserListView.swift */; };
		E98B814C2761458F0053A629 /* Extensions.swift in Sources */ = {isa = PBXBuildFile; fileRef = E98B814B2761458F0053A629 /* Extensions.swift */; };
		E98B814E276154820053A629 /* NotificationCell.swift in Sources */ = {isa = PBXBuildFile; fileRef = E98B814D276154820053A629 /* NotificationCell.swift */; };
		E98B8150276158740053A629 /* ProfileHeaderView.swift in Sources */ = {isa = PBXBuildFile; fileRef = E98B814F276158740053A629 /* ProfileHeaderView.swift */; };
		E9F112992768F439001A146A /* UserStatView.swift in Sources */ = {isa = PBXBuildFile; fileRef = E9F112982768F439001A146A /* UserStatView.swift */; };
		E9F1129B2768F7B2001A146A /* ProfileActionButton.swift in Sources */ = {isa = PBXBuildFile; fileRef = E9F1129A2768F7B2001A146A /* ProfileActionButton.swift */; };
/* End PBXBuildFile section */

/* Begin PBXFileReference section */
		E98B8110275FFC1F0053A629 /* InstagramSwiftUI.app */ = {isa = PBXFileReference; explicitFileType = wrapper.application; includeInIndex = 0; path = InstagramSwiftUI.app; sourceTree = BUILT_PRODUCTS_DIR; };
		E98B8113275FFC1F0053A629 /* InstagramSwiftUIApp.swift */ = {isa = PBXFileReference; lastKnownFileType = sourcecode.swift; path = InstagramSwiftUIApp.swift; sourceTree = "<group>"; };
		E98B8117275FFC210053A629 /* Assets.xcassets */ = {isa = PBXFileReference; lastKnownFileType = folder.assetcatalog; path = Assets.xcassets; sourceTree = "<group>"; };
		E98B811A275FFC210053A629 /* Preview Assets.xcassets */ = {isa = PBXFileReference; lastKnownFileType = folder.assetcatalog; path = "Preview Assets.xcassets"; sourceTree = "<group>"; };
		E98B8127276000290053A629 /* ContentView.swift */ = {isa = PBXFileReference; lastKnownFileType = sourcecode.swift; path = ContentView.swift; sourceTree = "<group>"; };
		E98B8135276003AF0053A629 /* MainTabView.swift */ = {isa = PBXFileReference; lastKnownFileType = sourcecode.swift; path = MainTabView.swift; sourceTree = "<group>"; };
		E98B81372760040B0053A629 /* FeedView.swift */ = {isa = PBXFileReference; lastKnownFileType = sourcecode.swift; path = FeedView.swift; sourceTree = "<group>"; };
		E98B8139276004430053A629 /* SearchView.swift */ = {isa = PBXFileReference; lastKnownFileType = sourcecode.swift; path = SearchView.swift; sourceTree = "<group>"; };
		E98B813B276004540053A629 /* NotificationsView.swift */ = {isa = PBXFileReference; lastKnownFileType = sourcecode.swift; path = NotificationsView.swift; sourceTree = "<group>"; };
		E98B813D276004630053A629 /* ProfileView.swift */ = {isa = PBXFileReference; lastKnownFileType = sourcecode.swift; path = ProfileView.swift; sourceTree = "<group>"; };
		E98B813F2760047E0053A629 /* UploadPostView.swift */ = {isa = PBXFileReference; lastKnownFileType = sourcecode.swift; name = UploadPostView.swift; path = InstagramSwiftUI/Views/Profile/UploadPostView.swift; sourceTree = SOURCE_ROOT; };
		E98B8141276008860053A629 /* FeedCell.swift */ = {isa = PBXFileReference; lastKnownFileType = sourcecode.swift; path = FeedCell.swift; sourceTree = "<group>"; };
		E98B81432761340D0053A629 /* SearchBar.swift */ = {isa = PBXFileReference; lastKnownFileType = sourcecode.swift; path = SearchBar.swift; sourceTree = "<group>"; };
		E98B81452761396A0053A629 /* PostGridView.swift */ = {isa = PBXFileReference; lastKnownFileType = sourcecode.swift; path = PostGridView.swift; sourceTree = "<group>"; };
		E98B814727613ED20053A629 /* UserCell.swift */ = {isa = PBXFileReference; lastKnownFileType = sourcecode.swift; path = UserCell.swift; sourceTree = "<group>"; };
		E98B814927613EE30053A629 /* UserListView.swift */ = {isa = PBXFileReference; lastKnownFileType = sourcecode.swift; path = UserListView.swift; sourceTree = "<group>"; };
		E98B814B2761458F0053A629 /* Extensions.swift */ = {isa = PBXFileReference; lastKnownFileType = sourcecode.swift; path = Extensions.swift; sourceTree = "<group>"; };
		E98B814D276154820053A629 /* NotificationCell.swift */ = {isa = PBXFileReference; lastKnownFileType = sourcecode.swift; path = NotificationCell.swift; sourceTree = "<group>"; };
		E98B814F276158740053A629 /* ProfileHeaderView.swift */ = {isa = PBXFileReference; lastKnownFileType = sourcecode.swift; path = ProfileHeaderView.swift; sourceTree = "<group>"; };
		E9F112982768F439001A146A /* UserStatView.swift */ = {isa = PBXFileReference; lastKnownFileType = sourcecode.swift; path = UserStatView.swift; sourceTree = "<group>"; };
		E9F1129A2768F7B2001A146A /* ProfileActionButton.swift */ = {isa = PBXFileReference; lastKnownFileType = sourcecode.swift; path = ProfileActionButton.swift; sourceTree = "<group>"; };
/* End PBXFileReference section */

/* Begin PBXFrameworksBuildPhase section */
		E98B810D275FFC1F0053A629 /* Frameworks */ = {
			isa = PBXFrameworksBuildPhase;
			buildActionMask = 2147483647;
			files = (
			);
			runOnlyForDeploymentPostprocessing = 0;
		};
/* End PBXFrameworksBuildPhase section */

/* Begin PBXGroup section */
		E98B8107275FFC1F0053A629 = {
			isa = PBXGroup;
			children = (
				E98B8112275FFC1F0053A629 /* InstagramSwiftUI */,
				E98B8111275FFC1F0053A629 /* Products */,
			);
			sourceTree = "<group>";
		};
		E98B8111275FFC1F0053A629 /* Products */ = {
			isa = PBXGroup;
			children = (
				E98B8110275FFC1F0053A629 /* InstagramSwiftUI.app */,
			);
			name = Products;
			sourceTree = "<group>";
		};
		E98B8112275FFC1F0053A629 /* InstagramSwiftUI */ = {
			isa = PBXGroup;
			children = (
				E98B8121275FFF240053A629 /* Model */,
				E98B8122275FFF3F0053A629 /* Views */,
				E98B8123275FFF470053A629 /* View Models */,
				E98B8125275FFF510053A629 /* Utils */,
				E98B8124275FFF4B0053A629 /* API */,
				E98B8113275FFC1F0053A629 /* InstagramSwiftUIApp.swift */,
				E98B8117275FFC210053A629 /* Assets.xcassets */,
				E98B8119275FFC210053A629 /* Preview Content */,
			);
			path = InstagramSwiftUI;
			sourceTree = "<group>";
		};
		E98B8119275FFC210053A629 /* Preview Content */ = {
			isa = PBXGroup;
			children = (
				E98B811A275FFC210053A629 /* Preview Assets.xcassets */,
			);
			path = "Preview Content";
			sourceTree = "<group>";
		};
		E98B8121275FFF240053A629 /* Model */ = {
			isa = PBXGroup;
			children = (
			);
			path = Model;
			sourceTree = "<group>";
		};
		E98B8122275FFF3F0053A629 /* Views */ = {
			isa = PBXGroup;
			children = (
				E98B8130276000E90053A629 /* Items */,
				E98B812F276000D70053A629 /* Authentication */,
				E98B812E276000BF0053A629 /* Notifications */,
				E98B813B276004540053A629 /* NotificationsView.swift */,
				E98B812D276000B60053A629 /* Search */,
				E98B812C276000A70053A629 /* Comments */,
				E98B812B276000930053A629 /* Profile */,
				E98B8129276000760053A629 /* Feed */,
				E98B812A276000790053A629 /* UploadPost */,
				E98B8126276000130053A629 /* Main */,
			);
			path = Views;
			sourceTree = "<group>";
		};
		E98B8123275FFF470053A629 /* View Models */ = {
			isa = PBXGroup;
			children = (
				E98B8134276001410053A629 /* Authentication */,
				E98B81332760013F0053A629 /* Profile */,
				E98B81322760013E0053A629 /* Notifications */,
				E98B81312760013C0053A629 /* Feed */,
			);
			path = "View Models";
			sourceTree = "<group>";
		};
		E98B8124275FFF4B0053A629 /* API */ = {
			isa = PBXGroup;
			children = (
			);
			path = API;
			sourceTree = "<group>";
		};
		E98B8125275FFF510053A629 /* Utils */ = {
			isa = PBXGroup;
			children = (
				E98B814B2761458F0053A629 /* Extensions.swift */,
			);
			path = Utils;
			sourceTree = "<group>";
		};
		E98B8126276000130053A629 /* Main */ = {
			isa = PBXGroup;
			children = (
				E98B8127276000290053A629 /* ContentView.swift */,
				E98B8135276003AF0053A629 /* MainTabView.swift */,
			);
			path = Main;
			sourceTree = "<group>";
		};
		E98B8129276000760053A629 /* Feed */ = {
			isa = PBXGroup;
			children = (
				E98B81372760040B0053A629 /* FeedView.swift */,
				E98B8141276008860053A629 /* FeedCell.swift */,
			);
			path = Feed;
			sourceTree = "<group>";
		};
		E98B812A276000790053A629 /* UploadPost */ = {
			isa = PBXGroup;
			children = (
				E98B813F2760047E0053A629 /* UploadPostView.swift */,
			);
			name = UploadPost;
			path = "New Group/UploadPost";
			sourceTree = "<group>";
		};
		E98B812B276000930053A629 /* Profile */ = {
			isa = PBXGroup;
			children = (
				E98B813D276004630053A629 /* ProfileView.swift */,
				E98B814F276158740053A629 /* ProfileHeaderView.swift */,
				E9F112982768F439001A146A /* UserStatView.swift */,
				E9F1129A2768F7B2001A146A /* ProfileActionButton.swift */,
			);
			path = Profile;
			sourceTree = "<group>";
		};
		E98B812C276000A70053A629 /* Comments */ = {
			isa = PBXGroup;
			children = (
			);
			path = Comments;
			sourceTree = "<group>";
		};
		E98B812D276000B60053A629 /* Search */ = {
			isa = PBXGroup;
			children = (
				E98B8139276004430053A629 /* SearchView.swift */,
				E98B81432761340D0053A629 /* SearchBar.swift */,
			);
			path = Search;
			sourceTree = "<group>";
		};
		E98B812E276000BF0053A629 /* Notifications */ = {
			isa = PBXGroup;
			children = (
				E98B814D276154820053A629 /* NotificationCell.swift */,
			);
			path = Notifications;
			sourceTree = "<group>";
		};
		E98B812F276000D70053A629 /* Authentication */ = {
			isa = PBXGroup;
			children = (
			);
			path = Authentication;
			sourceTree = "<group>";
		};
		E98B8130276000E90053A629 /* Items */ = {
			isa = PBXGroup;
			children = (
				E98B81452761396A0053A629 /* PostGridView.swift */,
				E98B814727613ED20053A629 /* UserCell.swift */,
				E98B814927613EE30053A629 /* UserListView.swift */,
			);
			path = Items;
			sourceTree = "<group>";
		};
		E98B81312760013C0053A629 /* Feed */ = {
			isa = PBXGroup;
			children = (
			);
			path = Feed;
			sourceTree = "<group>";
		};
		E98B81322760013E0053A629 /* Notifications */ = {
			isa = PBXGroup;
			children = (
			);
			name = Notifications;
			path = "New Group/Notifications";
			sourceTree = "<group>";
		};
		E98B81332760013F0053A629 /* Profile */ = {
			isa = PBXGroup;
			children = (
			);
			name = Profile;
			path = "New Group/New Group/Profile";
			sourceTree = "<group>";
		};
		E98B8134276001410053A629 /* Authentication */ = {
			isa = PBXGroup;
			children = (
			);
			name = Authentication;
			path = "New Group/New Group/Profile/Authentication";
			sourceTree = "<group>";
		};
/* End PBXGroup section */

/* Begin PBXNativeTarget section */
		E98B810F275FFC1F0053A629 /* InstagramSwiftUI */ = {
			isa = PBXNativeTarget;
			buildConfigurationList = E98B811E275FFC210053A629 /* Build configuration list for PBXNativeTarget "InstagramSwiftUI" */;
			buildPhases = (
				E98B810C275FFC1F0053A629 /* Sources */,
				E98B810D275FFC1F0053A629 /* Frameworks */,
				E98B810E275FFC1F0053A629 /* Resources */,
			);
			buildRules = (
			);
			dependencies = (
			);
			name = InstagramSwiftUI;
			productName = InstagramSwiftUI;
			productReference = E98B8110275FFC1F0053A629 /* InstagramSwiftUI.app */;
			productType = "com.apple.product-type.application";
		};
/* End PBXNativeTarget section */

/* Begin PBXProject section */
		E98B8108275FFC1F0053A629 /* Project object */ = {
			isa = PBXProject;
			attributes = {
				BuildIndependentTargetsInParallel = 1;
				LastSwiftUpdateCheck = 1310;
				LastUpgradeCheck = 1310;
				TargetAttributes = {
					E98B810F275FFC1F0053A629 = {
						CreatedOnToolsVersion = 13.1;
					};
				};
			};
			buildConfigurationList = E98B810B275FFC1F0053A629 /* Build configuration list for PBXProject "InstagramSwiftUI" */;
			compatibilityVersion = "Xcode 13.0";
			developmentRegion = en;
			hasScannedForEncodings = 0;
			knownRegions = (
				en,
				Base,
			);
			mainGroup = E98B8107275FFC1F0053A629;
			productRefGroup = E98B8111275FFC1F0053A629 /* Products */;
			projectDirPath = "";
			projectRoot = "";
			targets = (
				E98B810F275FFC1F0053A629 /* InstagramSwiftUI */,
			);
		};
/* End PBXProject section */

/* Begin PBXResourcesBuildPhase section */
		E98B810E275FFC1F0053A629 /* Resources */ = {
			isa = PBXResourcesBuildPhase;
			buildActionMask = 2147483647;
			files = (
				E98B811B275FFC210053A629 /* Preview Assets.xcassets in Resources */,
				E98B8118275FFC210053A629 /* Assets.xcassets in Resources */,
			);
			runOnlyForDeploymentPostprocessing = 0;
		};
/* End PBXResourcesBuildPhase section */

/* Begin PBXSourcesBuildPhase section */
		E98B810C275FFC1F0053A629 /* Sources */ = {
			isa = PBXSourcesBuildPhase;
			buildActionMask = 2147483647;
			files = (
				E98B813A276004430053A629 /* SearchView.swift in Sources */,
				E98B81382760040B0053A629 /* FeedView.swift in Sources */,
				E98B81462761396A0053A629 /* PostGridView.swift in Sources */,
				E9F1129B2768F7B2001A146A /* ProfileActionButton.swift in Sources */,
				E98B8114275FFC1F0053A629 /* InstagramSwiftUIApp.swift in Sources */,
				E98B8128276000290053A629 /* ContentView.swift in Sources */,
				E98B8136276003AF0053A629 /* MainTabView.swift in Sources */,
				E98B81402760047E0053A629 /* UploadPostView.swift in Sources */,
				E98B8150276158740053A629 /* ProfileHeaderView.swift in Sources */,
				E98B813E276004630053A629 /* ProfileView.swift in Sources */,
				E9F112992768F439001A146A /* UserStatView.swift in Sources */,
				E98B814827613ED20053A629 /* UserCell.swift in Sources */,
				E98B81442761340D0053A629 /* SearchBar.swift in Sources */,
				E98B813C276004540053A629 /* NotificationsView.swift in Sources */,
				E98B8142276008860053A629 /* FeedCell.swift in Sources */,
				E98B814A27613EE30053A629 /* UserListView.swift in Sources */,
				E98B814E276154820053A629 /* NotificationCell.swift in Sources */,
				E98B814C2761458F0053A629 /* Extensions.swift in Sources */,
			);
			runOnlyForDeploymentPostprocessing = 0;
		};
/* End PBXSourcesBuildPhase section */

/* Begin XCBuildConfiguration section */
		E98B811C275FFC210053A629 /* Debug */ = {
			isa = XCBuildConfiguration;
			buildSettings = {
				ALWAYS_SEARCH_USER_PATHS = NO;
				CLANG_ANALYZER_NONNULL = YES;
				CLANG_ANALYZER_NUMBER_OBJECT_CONVERSION = YES_AGGRESSIVE;
				CLANG_CXX_LANGUAGE_STANDARD = "gnu++17";
				CLANG_CXX_LIBRARY = "libc++";
				CLANG_ENABLE_MODULES = YES;
				CLANG_ENABLE_OBJC_ARC = YES;
				CLANG_ENABLE_OBJC_WEAK = YES;
				CLANG_WARN_BLOCK_CAPTURE_AUTORELEASING = YES;
				CLANG_WARN_BOOL_CONVERSION = YES;
				CLANG_WARN_COMMA = YES;
				CLANG_WARN_CONSTANT_CONVERSION = YES;
				CLANG_WARN_DEPRECATED_OBJC_IMPLEMENTATIONS = YES;
				CLANG_WARN_DIRECT_OBJC_ISA_USAGE = YES_ERROR;
				CLANG_WARN_DOCUMENTATION_COMMENTS = YES;
				CLANG_WARN_EMPTY_BODY = YES;
				CLANG_WARN_ENUM_CONVERSION = YES;
				CLANG_WARN_INFINITE_RECURSION = YES;
				CLANG_WARN_INT_CONVERSION = YES;
				CLANG_WARN_NON_LITERAL_NULL_CONVERSION = YES;
				CLANG_WARN_OBJC_IMPLICIT_RETAIN_SELF = YES;
				CLANG_WARN_OBJC_LITERAL_CONVERSION = YES;
				CLANG_WARN_OBJC_ROOT_CLASS = YES_ERROR;
				CLANG_WARN_QUOTED_INCLUDE_IN_FRAMEWORK_HEADER = YES;
				CLANG_WARN_RANGE_LOOP_ANALYSIS = YES;
				CLANG_WARN_STRICT_PROTOTYPES = YES;
				CLANG_WARN_SUSPICIOUS_MOVE = YES;
				CLANG_WARN_UNGUARDED_AVAILABILITY = YES_AGGRESSIVE;
				CLANG_WARN_UNREACHABLE_CODE = YES;
				CLANG_WARN__DUPLICATE_METHOD_MATCH = YES;
				COPY_PHASE_STRIP = NO;
				DEBUG_INFORMATION_FORMAT = dwarf;
				ENABLE_STRICT_OBJC_MSGSEND = YES;
				ENABLE_TESTABILITY = YES;
				GCC_C_LANGUAGE_STANDARD = gnu11;
				GCC_DYNAMIC_NO_PIC = NO;
				GCC_NO_COMMON_BLOCKS = YES;
				GCC_OPTIMIZATION_LEVEL = 0;
				GCC_PREPROCESSOR_DEFINITIONS = (
					"DEBUG=1",
					"$(inherited)",
				);
				GCC_WARN_64_TO_32_BIT_CONVERSION = YES;
				GCC_WARN_ABOUT_RETURN_TYPE = YES_ERROR;
				GCC_WARN_UNDECLARED_SELECTOR = YES;
				GCC_WARN_UNINITIALIZED_AUTOS = YES_AGGRESSIVE;
				GCC_WARN_UNUSED_FUNCTION = YES;
				GCC_WARN_UNUSED_VARIABLE = YES;
				IPHONEOS_DEPLOYMENT_TARGET = 15.0;
				MTL_ENABLE_DEBUG_INFO = INCLUDE_SOURCE;
				MTL_FAST_MATH = YES;
				ONLY_ACTIVE_ARCH = YES;
				SDKROOT = iphoneos;
				SWIFT_ACTIVE_COMPILATION_CONDITIONS = DEBUG;
				SWIFT_OPTIMIZATION_LEVEL = "-Onone";
			};
			name = Debug;
		};
		E98B811D275FFC210053A629 /* Release */ = {
			isa = XCBuildConfiguration;
			buildSettings = {
				ALWAYS_SEARCH_USER_PATHS = NO;
				CLANG_ANALYZER_NONNULL = YES;
				CLANG_ANALYZER_NUMBER_OBJECT_CONVERSION = YES_AGGRESSIVE;
				CLANG_CXX_LANGUAGE_STANDARD = "gnu++17";
				CLANG_CXX_LIBRARY = "libc++";
				CLANG_ENABLE_MODULES = YES;
				CLANG_ENABLE_OBJC_ARC = YES;
				CLANG_ENABLE_OBJC_WEAK = YES;
				CLANG_WARN_BLOCK_CAPTURE_AUTORELEASING = YES;
				CLANG_WARN_BOOL_CONVERSION = YES;
				CLANG_WARN_COMMA = YES;
				CLANG_WARN_CONSTANT_CONVERSION = YES;
				CLANG_WARN_DEPRECATED_OBJC_IMPLEMENTATIONS = YES;
				CLANG_WARN_DIRECT_OBJC_ISA_USAGE = YES_ERROR;
				CLANG_WARN_DOCUMENTATION_COMMENTS = YES;
				CLANG_WARN_EMPTY_BODY = YES;
				CLANG_WARN_ENUM_CONVERSION = YES;
				CLANG_WARN_INFINITE_RECURSION = YES;
				CLANG_WARN_INT_CONVERSION = YES;
				CLANG_WARN_NON_LITERAL_NULL_CONVERSION = YES;
				CLANG_WARN_OBJC_IMPLICIT_RETAIN_SELF = YES;
				CLANG_WARN_OBJC_LITERAL_CONVERSION = YES;
				CLANG_WARN_OBJC_ROOT_CLASS = YES_ERROR;
				CLANG_WARN_QUOTED_INCLUDE_IN_FRAMEWORK_HEADER = YES;
				CLANG_WARN_RANGE_LOOP_ANALYSIS = YES;
				CLANG_WARN_STRICT_PROTOTYPES = YES;
				CLANG_WARN_SUSPICIOUS_MOVE = YES;
				CLANG_WARN_UNGUARDED_AVAILABILITY = YES_AGGRESSIVE;
				CLANG_WARN_UNREACHABLE_CODE = YES;
				CLANG_WARN__DUPLICATE_METHOD_MATCH = YES;
				COPY_PHASE_STRIP = NO;
				DEBUG_INFORMATION_FORMAT = "dwarf-with-dsym";
				ENABLE_NS_ASSERTIONS = NO;
				ENABLE_STRICT_OBJC_MSGSEND = YES;
				GCC_C_LANGUAGE_STANDARD = gnu11;
				GCC_NO_COMMON_BLOCKS = YES;
				GCC_WARN_64_TO_32_BIT_CONVERSION = YES;
				GCC_WARN_ABOUT_RETURN_TYPE = YES_ERROR;
				GCC_WARN_UNDECLARED_SELECTOR = YES;
				GCC_WARN_UNINITIALIZED_AUTOS = YES_AGGRESSIVE;
				GCC_WARN_UNUSED_FUNCTION = YES;
				GCC_WARN_UNUSED_VARIABLE = YES;
				IPHONEOS_DEPLOYMENT_TARGET = 15.0;
				MTL_ENABLE_DEBUG_INFO = NO;
				MTL_FAST_MATH = YES;
				SDKROOT = iphoneos;
				SWIFT_COMPILATION_MODE = wholemodule;
				SWIFT_OPTIMIZATION_LEVEL = "-O";
				VALIDATE_PRODUCT = YES;
			};
			name = Release;
		};
		E98B811F275FFC210053A629 /* Debug */ = {
			isa = XCBuildConfiguration;
			buildSettings = {
				ASSETCATALOG_COMPILER_APPICON_NAME = AppIcon;
				ASSETCATALOG_COMPILER_GLOBAL_ACCENT_COLOR_NAME = AccentColor;
				CODE_SIGN_STYLE = Automatic;
				CURRENT_PROJECT_VERSION = 1;
				DEVELOPMENT_ASSET_PATHS = "\"InstagramSwiftUI/Preview Content\"";
				DEVELOPMENT_TEAM = R2784TVUZS;
				ENABLE_PREVIEWS = YES;
				GENERATE_INFOPLIST_FILE = YES;
				INFOPLIST_KEY_UIApplicationSceneManifest_Generation = YES;
				INFOPLIST_KEY_UIApplicationSupportsIndirectInputEvents = YES;
				INFOPLIST_KEY_UILaunchScreen_Generation = YES;
				INFOPLIST_KEY_UISupportedInterfaceOrientations_iPad = "UIInterfaceOrientationPortrait UIInterfaceOrientationPortraitUpsideDown UIInterfaceOrientationLandscapeLeft UIInterfaceOrientationLandscapeRight";
				INFOPLIST_KEY_UISupportedInterfaceOrientations_iPhone = "UIInterfaceOrientationPortrait UIInterfaceOrientationLandscapeLeft UIInterfaceOrientationLandscapeRight";
				LD_RUNPATH_SEARCH_PATHS = (
					"$(inherited)",
					"@executable_path/Frameworks",
				);
				MARKETING_VERSION = 1.0;
				PRODUCT_BUNDLE_IDENTIFIER = com.SeanJones.InstagramSwiftUI;
				PRODUCT_NAME = "$(TARGET_NAME)";
				SWIFT_EMIT_LOC_STRINGS = YES;
				SWIFT_VERSION = 5.0;
				TARGETED_DEVICE_FAMILY = "1,2";
			};
			name = Debug;
		};
		E98B8120275FFC210053A629 /* Release */ = {
			isa = XCBuildConfiguration;
			buildSettings = {
				ASSETCATALOG_COMPILER_APPICON_NAME = AppIcon;
				ASSETCATALOG_COMPILER_GLOBAL_ACCENT_COLOR_NAME = AccentColor;
				CODE_SIGN_STYLE = Automatic;
				CURRENT_PROJECT_VERSION = 1;
				DEVELOPMENT_ASSET_PATHS = "\"InstagramSwiftUI/Preview Content\"";
				DEVELOPMENT_TEAM = R2784TVUZS;
				ENABLE_PREVIEWS = YES;
				GENERATE_INFOPLIST_FILE = YES;
				INFOPLIST_KEY_UIApplicationSceneManifest_Generation = YES;
				INFOPLIST_KEY_UIApplicationSupportsIndirectInputEvents = YES;
				INFOPLIST_KEY_UILaunchScreen_Generation = YES;
				INFOPLIST_KEY_UISupportedInterfaceOrientations_iPad = "UIInterfaceOrientationPortrait UIInterfaceOrientationPortraitUpsideDown UIInterfaceOrientationLandscapeLeft UIInterfaceOrientationLandscapeRight";
				INFOPLIST_KEY_UISupportedInterfaceOrientations_iPhone = "UIInterfaceOrientationPortrait UIInterfaceOrientationLandscapeLeft UIInterfaceOrientationLandscapeRight";
				LD_RUNPATH_SEARCH_PATHS = (
					"$(inherited)",
					"@executable_path/Frameworks",
				);
				MARKETING_VERSION = 1.0;
				PRODUCT_BUNDLE_IDENTIFIER = com.SeanJones.InstagramSwiftUI;
				PRODUCT_NAME = "$(TARGET_NAME)";
				SWIFT_EMIT_LOC_STRINGS = YES;
				SWIFT_VERSION = 5.0;
				TARGETED_DEVICE_FAMILY = "1,2";
			};
			name = Release;
		};
/* End XCBuildConfiguration section */

/* Begin XCConfigurationList section */
		E98B810B275FFC1F0053A629 /* Build configuration list for PBXProject "InstagramSwiftUI" */ = {
			isa = XCConfigurationList;
			buildConfigurations = (
				E98B811C275FFC210053A629 /* Debug */,
				E98B811D275FFC210053A629 /* Release */,
			);
			defaultConfigurationIsVisible = 0;
			defaultConfigurationName = Release;
		};
		E98B811E275FFC210053A629 /* Build configuration list for PBXNativeTarget "InstagramSwiftUI" */ = {
			isa = XCConfigurationList;
			buildConfigurations = (
				E98B811F275FFC210053A629 /* Debug */,
				E98B8120275FFC210053A629 /* Release */,
			);
			defaultConfigurationIsVisible = 0;
			defaultConfigurationName = Release;
		};
/* End XCConfigurationList section */
	};
	rootObject = E98B8108275FFC1F0053A629 /* Project object */;
}
